<?xml version="1.0" encoding="UTF-8" standalone="yes" ?>
<CodeBlocks_project_file>
	<FileVersion major="1" minor="6" />
	<Project>
		<Option title="Commodore" />
		<Option pch_mode="2" />
		<Option compiler="gcc" />
		<Option virtualFolders="Headers/;Sources/" />
		<Build>
			<Target title="Debug">
				<Option output="bin/Debug/Commodore" prefix_auto="1" extension_auto="1" />
				<Option object_output="obj/Debug/" />
				<Option type="1" />
				<Option compiler="gcc" />
				<Compiler>
					<Add option="-std=c++20" />
					<Add option="-g" />
					<Add directory="include" />
					<Add directory="include/Floppy" />
					<Add directory="include/Drive" />
					<Add directory="include/Debug" />
					<Add directory="include/Cartridge" />
					<Add directory="include/6502" />
				</Compiler>
			</Target>
			<Target title="Release">
				<Option output="bin/Release/Commodore" prefix_auto="1" extension_auto="1" />
				<Option object_output="obj/Release/" />
				<Option type="1" />
				<Option compiler="gcc" />
				<Compiler>
					<Add option="-O2" />
					<Add option="-std=c++20" />
					<Add directory="include" />
					<Add directory="include/Floppy" />
					<Add directory="include/Drive" />
					<Add directory="include/Debug" />
					<Add directory="include/Cartridge" />
					<Add directory="include/6502" />
				</Compiler>
				<Linker>
					<Add option="-s" />
				</Linker>
			</Target>
		</Build>
		<Compiler>
			<Add option="-Wall" />
			<Add option="-std=c++20" />
			<Add directory="$(#boost.include)" />
			<Add directory="$(#sdl_2.INCLUDE)" />
		</Compiler>
		<Linker>
			<Add option="-lSDL2" />
			<Add library="libboost_program_options-mgw14-mt-x64-1_88.a" />
			<Add library="C:/SDK/x86_64-w64-mingw32/lib/libSDL2main.a" />
			<Add library="C:/SDK/x86_64-w64-mingw32/lib/libSDL2.a" />
			<Add directory="$(#sdl_2.LIB)" />
			<Add directory="c:/SDK/boost/lib/" />
		</Linker>
		<Unit filename="include/6502/Assembler.h" />
		<Unit filename="include/6502/Disassembler.h" />
		<Unit filename="include/6502/Opcode6502.h" />
		<Unit filename="include/CIA1.h" />
		<Unit filename="include/CIA2.h" />
		<Unit filename="include/CPU.h" />
		<Unit filename="include/Cartridge.h" />
		<Unit filename="include/Cartridge/C64GameSystemMapper.h" />
		<Unit filename="include/Cartridge/CartridgeMapper.h" />
		<Unit filename="include/Cartridge/DinamicMapper.h" />
		<Unit filename="include/Cartridge/EasyFlashMapper.h" />
		<Unit filename="include/Cartridge/FunPlayMapper.h" />
		<Unit filename="include/Cartridge/GenericMapper.h" />
		<Unit filename="include/Cartridge/MagicDeskMapper.h" />
		<Unit filename="include/Cartridge/OceanMapper.h" />
		<Unit filename="include/Cartridge/RossMapper.h" />
		<Unit filename="include/Cartridge/SimonsBasicMapper.h" />
		<Unit filename="include/Cartridge/StructuredBasicMapper.h" />
		<Unit filename="include/Cartridge/SuperGamesMapper.h" />
		<Unit filename="include/Cartridge/SuperZaxxonMapper.h" />
		<Unit filename="include/Cassette.h" />
		<Unit filename="include/Computer.h" />
		<Unit filename="include/Debug/AssembleCommand.h" />
		<Unit filename="include/Debug/BreakpointClearCommand.h" />
		<Unit filename="include/Debug/BreakpointListCommand.h" />
		<Unit filename="include/Debug/BreakpointSetCommand.h" />
		<Unit filename="include/Debug/CartridgeCommand.h" />
		<Unit filename="include/Debug/CommandUtils.h" />
		<Unit filename="include/Debug/DisassembleCommand.h" />
		<Unit filename="include/Debug/ExportDisassemblyCommand.h" />
		<Unit filename="include/Debug/GoCommand.h" />
		<Unit filename="include/Debug/MLMonitor.h" />
		<Unit filename="include/Debug/MemoryDumpCommand.h" />
		<Unit filename="include/Debug/MemoryEditCommand.h" />
		<Unit filename="include/Debug/MonitorCommand.h" />
		<Unit filename="include/Debug/NextCommand.h" />
		<Unit filename="include/Debug/PLACommand.h" />
		<Unit filename="include/Debug/RegisterDumpCommand.h" />
		<Unit filename="include/Debug/ResetCommand.h" />
		<Unit filename="include/Debug/StepCommand.h" />
		<Unit filename="include/Debug/VICCommand.h" />
		<Unit filename="include/Debug/WatchCommand.h" />
		<Unit filename="include/Drive/D1541.h" />
		<Unit filename="include/Drive/D1541Memory.h" />
		<Unit filename="include/Drive/D1541VIA.h" />
		<Unit filename="include/Drive/D1571.h" />
		<Unit filename="include/Drive/D1581.h" />
		<Unit filename="include/Drive/Drive.h" />
		<Unit filename="include/Floppy/CBMImage.h" />
		<Unit filename="include/Floppy/D64.h" />
		<Unit filename="include/Floppy/D71.h" />
		<Unit filename="include/Floppy/D81.h" />
		<Unit filename="include/Floppy/Disk.h" />
		<Unit filename="include/Floppy/DiskFactory.h" />
		<Unit filename="include/Floppy/G64.h" />
		<Unit filename="include/IECBUS.h" />
		<Unit filename="include/IECTypes.h" />
		<Unit filename="include/IO.h" />
		<Unit filename="include/IRQLine.h" />
		<Unit filename="include/Joystick.h" />
		<Unit filename="include/Keyboard.h" />
		<Unit filename="include/Logging.h" />
		<Unit filename="include/Memory.h" />
		<Unit filename="include/PLA.h" />
		<Unit filename="include/PLAMapper.h" />
		<Unit filename="include/Peripheral.h" />
		<Unit filename="include/RS232Device.h" />
		<Unit filename="include/SID/Envelope.h" />
		<Unit filename="include/SID/Filter.h" />
		<Unit filename="include/SID/Mixer.h" />
		<Unit filename="include/SID/Oscillator.h" />
		<Unit filename="include/SID/RingBuffer.h" />
		<Unit filename="include/SID/SID.h" />
		<Unit filename="include/SID/Voice.h" />
		<Unit filename="include/Tape/T64.h" />
		<Unit filename="include/Tape/TAP.h" />
		<Unit filename="include/Tape/TapeImage.h" />
		<Unit filename="include/Tape/TapeImageFactory.h" />
		<Unit filename="include/Version.h" />
		<Unit filename="include/Vic.h" />
		<Unit filename="include/common.h" />
		<Unit filename="include/main.h" />
		<Unit filename="src/6502/Assembler.cpp" />
		<Unit filename="src/6502/Disassembler.cpp" />
		<Unit filename="src/6502/Opcode6502.cpp" />
		<Unit filename="src/CIA1.cpp" />
		<Unit filename="src/CIA2.cpp" />
		<Unit filename="src/CPU.cpp" />
		<Unit filename="src/Cartridge.cpp" />
		<Unit filename="src/Cartridge/C64GameSystemMapper.cpp" />
		<Unit filename="src/Cartridge/CartridgeMapper.cpp" />
		<Unit filename="src/Cartridge/DinamicMapper.cpp" />
		<Unit filename="src/Cartridge/EasyFlashMapper.cpp" />
		<Unit filename="src/Cartridge/FunPlayMapper.cpp" />
		<Unit filename="src/Cartridge/GenericMapper.cpp" />
		<Unit filename="src/Cartridge/MagicDeskMapper.cpp" />
		<Unit filename="src/Cartridge/OceanMapper.cpp" />
		<Unit filename="src/Cartridge/RossMapper.cpp" />
		<Unit filename="src/Cartridge/SimonsBasicMapper.cpp" />
		<Unit filename="src/Cartridge/StructuredBasicMapper.cpp" />
		<Unit filename="src/Cartridge/SuperGamesMapper.cpp" />
		<Unit filename="src/Cartridge/SuperZaxxonMapper.cpp" />
		<Unit filename="src/Cassette.cpp" />
		<Unit filename="src/Computer.cpp" />
		<Unit filename="src/Debug/AssembleCommand.cpp" />
		<Unit filename="src/Debug/BreakpointClearCommand.cpp" />
		<Unit filename="src/Debug/BreakpointListCommand.cpp" />
		<Unit filename="src/Debug/BreakpointSetCommand.cpp" />
		<Unit filename="src/Debug/CartridgeCommand.cpp" />
		<Unit filename="src/Debug/CommandUtils.cpp" />
		<Unit filename="src/Debug/DisassembleCommand.cpp" />
		<Unit filename="src/Debug/ExportDisassemblyCommand.cpp" />
		<Unit filename="src/Debug/GoCommand.cpp" />
		<Unit filename="src/Debug/MLMonitor.cpp" />
		<Unit filename="src/Debug/MemoryDumpCommand.cpp" />
		<Unit filename="src/Debug/MemoryEditCommand.cpp" />
		<Unit filename="src/Debug/MonitorCommand.cpp" />
		<Unit filename="src/Debug/NextCommand.cpp" />
		<Unit filename="src/Debug/PLACommand.cpp" />
		<Unit filename="src/Debug/RegisterDumpCommand.cpp" />
		<Unit filename="src/Debug/ResetCommand.cpp" />
		<Unit filename="src/Debug/StepCommand.cpp" />
		<Unit filename="src/Debug/VICCommand.cpp" />
		<Unit filename="src/Debug/WatchCommand.cpp" />
		<Unit filename="src/Drive/D1541.cpp" />
		<Unit filename="src/Drive/D1541Memory.cpp" />
		<Unit filename="src/Drive/D1541VIA.cpp" />
		<Unit filename="src/Drive/D1571.cpp" />
		<Unit filename="src/Drive/D1581.cpp" />
		<Unit filename="src/Drive/Drive.cpp" />
		<Unit filename="src/Floppy/CBMImage.cpp" />
		<Unit filename="src/Floppy/D64.cpp" />
		<Unit filename="src/Floppy/D71.cpp" />
		<Unit filename="src/Floppy/D81.cpp" />
		<Unit filename="src/Floppy/Disk.cpp" />
		<Unit filename="src/Floppy/DiskFactory.cpp" />
		<Unit filename="src/Floppy/G64.cpp" />
		<Unit filename="src/IECBUS.cpp" />
		<Unit filename="src/IO.cpp" />
		<Unit filename="src/IRQLine.cpp" />
		<Unit filename="src/Joystick.cpp" />
		<Unit filename="src/Keyboard.cpp" />
		<Unit filename="src/Logging.cpp" />
		<Unit filename="src/Memory.cpp" />
		<Unit filename="src/PLA.cpp" />
		<Unit filename="src/PLAMapper.cpp" />
		<Unit filename="src/Peripheral.cpp" />
		<Unit filename="src/RS232Device.cpp" />
		<Unit filename="src/SID/Envelope.cpp" />
		<Unit filename="src/SID/Filter.cpp" />
		<Unit filename="src/SID/Mixer.cpp" />
		<Unit filename="src/SID/Oscillator.cpp" />
		<Unit filename="src/SID/SID.cpp" />
		<Unit filename="src/SID/Voice.cpp" />
		<Unit filename="src/Tape/T64.cpp" />
		<Unit filename="src/Tape/TAP.cpp" />
		<Unit filename="src/Tape/TapeImage.cpp" />
		<Unit filename="src/Tape/TapeImageFactory.cpp" />
		<Unit filename="src/Vic.cpp" />
		<Unit filename="src/main.cpp" />
		<Extensions>
			<lib_finder disable_auto="1" />
		</Extensions>
	</Project>
</CodeBlocks_project_file>
